
Microsoft Visual Studio Solution File, Format Version 12.00
# Visual Studio Version 17
VisualStudioVersion = 17.0.31903.59
MinimumVisualStudioVersion = 10.0.40219.1
Project("{2150E333-8FDC-42A3-9474-1A3956D46DE8}") = "src", "src", "{B5542A0C-97D4-4BA8-AAAE-950194A527D6}"
EndProject
Project("{FAE04EC0-301F-11D3-BF4B-00C04F79EFBC}") = "Nexlab.Flux.Api", "src\Nexlab.Flux.Api\Nexlab.Flux.Api.csproj", "{62C67F10-5BC5-43B5-9457-DC66906B386F}"
EndProject
Global
	GlobalSection(SolutionConfigurationPlatforms) = preSolution
		Debug|Any CPU = Debug|Any CPU
		Release|Any CPU = Release|Any CPU
	EndGlobalSection
	GlobalSection(SolutionProperties) = preSolution
		HideSolutionNode = FALSE
	EndGlobalSection
	GlobalSection(ProjectConfigurationPlatforms) = postSolution
		{62C67F10-5BC5-43B5-9457-DC66906B386F}.Debug|Any CPU.ActiveCfg = Debug|Any CPU
		{62C67F10-5BC5-43B5-9457-DC66906B386F}.Debug|Any CPU.Build.0 = Debug|Any CPU
		{62C67F10-5BC5-43B5-9457-DC66906B386F}.Release|Any CPU.ActiveCfg = Release|Any CPU
		{62C67F10-5BC5-43B5-9457-DC66906B386F}.Release|Any CPU.Build.0 = Release|Any CPU
	EndGlobalSection
	GlobalSection(NestedProjects) = preSolution
		{62C67F10-5BC5-43B5-9457-DC66906B386F} = {B5542A0C-97D4-4BA8-AAAE-950194A527D6}
	EndGlobalSection
EndGlobal
