
Microsoft Visual Studio Solution File, Format Version 12.00
# Visual Studio Version 17
VisualStudioVersion = 17.0.31903.59
MinimumVisualStudioVersion = 10.0.40219.1
Project("{2150E333-8FDC-42A3-9474-1A3956D46DE8}") = "src", "src", "{7899FFB6-C169-4256-B361-878301F2D508}"
EndProject
Project("{FAE04EC0-301F-11D3-BF4B-00C04F79EFBC}") = "NexLab.Flux.Api", "src\NexLab.Flux.Api\NexLab.Flux.Api.csproj", "{456FBF75-76CC-46E8-8F57-29D66B34925F}"
EndProject
Global
	GlobalSection(SolutionConfigurationPlatforms) = preSolution
		Debug|Any CPU = Debug|Any CPU
		Release|Any CPU = Release|Any CPU
	EndGlobalSection
	GlobalSection(SolutionProperties) = preSolution
		HideSolutionNode = FALSE
	EndGlobalSection
	GlobalSection(ProjectConfigurationPlatforms) = postSolution
		{456FBF75-76CC-46E8-8F57-29D66B34925F}.Debug|Any CPU.ActiveCfg = Debug|Any CPU
		{456FBF75-76CC-46E8-8F57-29D66B34925F}.Debug|Any CPU.Build.0 = Debug|Any CPU
		{456FBF75-76CC-46E8-8F57-29D66B34925F}.Release|Any CPU.ActiveCfg = Release|Any CPU
		{456FBF75-76CC-46E8-8F57-29D66B34925F}.Release|Any CPU.Build.0 = Release|Any CPU
	EndGlobalSection
	GlobalSection(NestedProjects) = preSolution
		{456FBF75-76CC-46E8-8F57-29D66B34925F} = {7899FFB6-C169-4256-B361-878301F2D508}
	EndGlobalSection
EndGlobal
